
Microsoft Visual Studio Solution File, Format Version 12.00
# Visual Studio 14
VisualStudioVersion = 14.0.25420.1
MinimumVisualStudioVersion = 10.0.40219.1
Project("{FAE04EC0-301F-11D3-BF4B-00C04F79EFBC}") = "Car Store System", "Car Store System\Car Store System.csproj", "{A9F8E43F-94A4-4654-97E5-1B9F86C11A34}"
EndProject
Global
	GlobalSection(SolutionConfigurationPlatforms) = preSolution
		Debug|Any CPU = Debug|Any CPU
		Release|Any CPU = Release|Any CPU
	EndGlobalSection
	GlobalSection(ProjectConfigurationPlatforms) = postSolution
		{A9F8E43F-94A4-4654-97E5-1B9F86C11A34}.Debug|Any CPU.ActiveCfg = Debug|Any CPU
		{A9F8E43F-94A4-4654-97E5-1B9F86C11A34}.Debug|Any CPU.Build.0 = Debug|Any CPU
		{A9F8E43F-94A4-4654-97E5-1B9F86C11A34}.Release|Any CPU.ActiveCfg = Release|Any CPU
		{A9F8E43F-94A4-4654-97E5-1B9F86C11A34}.Release|Any CPU.Build.0 = Release|Any CPU
	EndGlobalSection
	GlobalSection(SolutionProperties) = preSolution
		HideSolutionNode = FALSE
	EndGlobalSection
EndGlobal
